
Microsoft Visual Studio Solution File, Format Version 12.00
# Visual Studio 15
VisualStudioVersion = 15.0.28307.106
MinimumVisualStudioVersion = 10.0.40219.1
Project("{9A19103F-16F7-4668-BE54-9A1E7A4F7556}") = "PizzaShop.UI", "PizzaShop.UI\PizzaShop.UI.csproj", "{466295D5-C301-4542-B496-55B47BC67C6D}"
EndProject
Project("{9A19103F-16F7-4668-BE54-9A1E7A4F7556}") = "PizzaShop.DataAccess", "PizzaShop.DataAccess\PizzaShop.DataAccess.csproj", "{9308532B-4A55-4062-80C2-521B71A110B1}"
EndProject
Project("{9A19103F-16F7-4668-BE54-9A1E7A4F7556}") = "PizzaShop.Library", "PizzaShop.Library\PizzaShop.Library.csproj", "{5D002CF2-55B9-4059-BA08-5DEC98786D14}"
EndProject
Global
	GlobalSection(SolutionConfigurationPlatforms) = preSolution
		Debug|Any CPU = Debug|Any CPU
		Release|Any CPU = Release|Any CPU
	EndGlobalSection
	GlobalSection(ProjectConfigurationPlatforms) = postSolution
		{466295D5-C301-4542-B496-55B47BC67C6D}.Debug|Any CPU.ActiveCfg = Debug|Any CPU
		{466295D5-C301-4542-B496-55B47BC67C6D}.Debug|Any CPU.Build.0 = Debug|Any CPU
		{466295D5-C301-4542-B496-55B47BC67C6D}.Release|Any CPU.ActiveCfg = Release|Any CPU
		{466295D5-C301-4542-B496-55B47BC67C6D}.Release|Any CPU.Build.0 = Release|Any CPU
		{9308532B-4A55-4062-80C2-521B71A110B1}.Debug|Any CPU.ActiveCfg = Debug|Any CPU
		{9308532B-4A55-4062-80C2-521B71A110B1}.Debug|Any CPU.Build.0 = Debug|Any CPU
		{9308532B-4A55-4062-80C2-521B71A110B1}.Release|Any CPU.ActiveCfg = Release|Any CPU
		{9308532B-4A55-4062-80C2-521B71A110B1}.Release|Any CPU.Build.0 = Release|Any CPU
		{5D002CF2-55B9-4059-BA08-5DEC98786D14}.Debug|Any CPU.ActiveCfg = Debug|Any CPU
		{5D002CF2-55B9-4059-BA08-5DEC98786D14}.Debug|Any CPU.Build.0 = Debug|Any CPU
		{5D002CF2-55B9-4059-BA08-5DEC98786D14}.Release|Any CPU.ActiveCfg = Release|Any CPU
		{5D002CF2-55B9-4059-BA08-5DEC98786D14}.Release|Any CPU.Build.0 = Release|Any CPU
	EndGlobalSection
	GlobalSection(SolutionProperties) = preSolution
		HideSolutionNode = FALSE
	EndGlobalSection
	GlobalSection(ExtensibilityGlobals) = postSolution
		SolutionGuid = {1E8476F8-5DC9-435D-8658-8561DD0041C3}
	EndGlobalSection
EndGlobal
